
Microsoft Visual Studio Solution File, Format Version 12.00
# Visual Studio 14
VisualStudioVersion = 14.0.25420.1
MinimumVisualStudioVersion = 10.0.40219.1
Project("{FAE04EC0-301F-11D3-BF4B-00C04F79EFBC}") = "PruebaCaseSensitive", "PruebaCaseSensitive\PruebaCaseSensitive.csproj", "{33BFBA2C-D4B2-4F71-ABAE-25B4B6DFD11E}"
EndProject
Project("{2150E333-8FDC-42A3-9474-1A3956D46DE8}") = "Solution Items", "Solution Items", "{1D0EEC24-7BE3-4466-BDC6-86AE5009921F}"
	ProjectSection(SolutionItems) = preProject
		FicheRo.txt = FicheRo.txt
	EndProjectSection
EndProject
Global
	GlobalSection(SolutionConfigurationPlatforms) = preSolution
		Debug|Any CPU = Debug|Any CPU
		Release|Any CPU = Release|Any CPU
	EndGlobalSection
	GlobalSection(ProjectConfigurationPlatforms) = postSolution
		{33BFBA2C-D4B2-4F71-ABAE-25B4B6DFD11E}.Debug|Any CPU.ActiveCfg = Debug|Any CPU
		{33BFBA2C-D4B2-4F71-ABAE-25B4B6DFD11E}.Debug|Any CPU.Build.0 = Debug|Any CPU
		{33BFBA2C-D4B2-4F71-ABAE-25B4B6DFD11E}.Release|Any CPU.ActiveCfg = Release|Any CPU
		{33BFBA2C-D4B2-4F71-ABAE-25B4B6DFD11E}.Release|Any CPU.Build.0 = Release|Any CPU
	EndGlobalSection
	GlobalSection(SolutionProperties) = preSolution
		HideSolutionNode = FALSE
	EndGlobalSection
EndGlobal
